{
  "requires": true,
  "lockfileVersion": 1,
  "dependencies": {
    "css-layout": {
      "version": "1.1.1",
      "resolved": "https://registry.npmjs.org/css-layout/-/css-layout-1.1.1.tgz",
      "integrity": "sha1-raW7jJAeR11BBDqI4DSt5U2Tk5I="
    },
    "flexer": {
      "version": "0.0.2",
      "resolved": "https://registry.npmjs.org/flexer/-/flexer-0.0.2.tgz",
      "integrity": "sha1-yp3ORqLNeX9I6cFUtE+6ZC9a0jU=",
      "requires": {
        "css-layout": "1.1.1"
      }
    }
  }
}